
Microsoft Visual Studio Solution File, Format Version 12.00
# Visual Studio Version 17
VisualStudioVersion = 17.14.36511.14 d17.14
MinimumVisualStudioVersion = 10.0.40219.1
Project("{FAE04EC0-301F-11D3-BF4B-00C04F79EFBC}") = "CheatCracker", "CheatCracker\CheatCracker.csproj", "{5D27033E-78AE-4416-BE19-EE7CA499A2D4}"
EndProject
Global
	GlobalSection(SolutionConfigurationPlatforms) = preSolution
		Debug|Any CPU = Debug|Any CPU
		Release|Any CPU = Release|Any CPU
	EndGlobalSection
	GlobalSection(ProjectConfigurationPlatforms) = postSolution
		{5D27033E-78AE-4416-BE19-EE7CA499A2D4}.Debug|Any CPU.ActiveCfg = Debug|Any CPU
		{5D27033E-78AE-4416-BE19-EE7CA499A2D4}.Debug|Any CPU.Build.0 = Debug|Any CPU
		{5D27033E-78AE-4416-BE19-EE7CA499A2D4}.Release|Any CPU.ActiveCfg = Release|Any CPU
		{5D27033E-78AE-4416-BE19-EE7CA499A2D4}.Release|Any CPU.Build.0 = Release|Any CPU
	EndGlobalSection
	GlobalSection(SolutionProperties) = preSolution
		HideSolutionNode = FALSE
	EndGlobalSection
	GlobalSection(ExtensibilityGlobals) = postSolution
		SolutionGuid = {30B27068-2C5D-49FC-A122-47717DD8BC73}
	EndGlobalSection
EndGlobal
